
Microsoft Visual Studio Solution File, Format Version 12.00
# Visual Studio Version 17
VisualStudioVersion = 17.2.32602.215
MinimumVisualStudioVersion = 10.0.40219.1
Project("{FAE04EC0-301F-11D3-BF4B-00C04F79EFBC}") = "Ex Financeira", "Ex Financeira\Ex Financeira.csproj", "{B0CEF5E1-745F-45F7-9CA6-8709D623685D}"
EndProject
Global
	GlobalSection(SolutionConfigurationPlatforms) = preSolution
		Debug|Any CPU = Debug|Any CPU
		Release|Any CPU = Release|Any CPU
	EndGlobalSection
	GlobalSection(ProjectConfigurationPlatforms) = postSolution
		{B0CEF5E1-745F-45F7-9CA6-8709D623685D}.Debug|Any CPU.ActiveCfg = Debug|Any CPU
		{B0CEF5E1-745F-45F7-9CA6-8709D623685D}.Debug|Any CPU.Build.0 = Debug|Any CPU
		{B0CEF5E1-745F-45F7-9CA6-8709D623685D}.Release|Any CPU.ActiveCfg = Release|Any CPU
		{B0CEF5E1-745F-45F7-9CA6-8709D623685D}.Release|Any CPU.Build.0 = Release|Any CPU
	EndGlobalSection
	GlobalSection(SolutionProperties) = preSolution
		HideSolutionNode = FALSE
	EndGlobalSection
	GlobalSection(ExtensibilityGlobals) = postSolution
		SolutionGuid = {727508A7-87F1-4329-92E5-E6E885988BDF}
	EndGlobalSection
EndGlobal
